<Solution>
  <Project Path="MoreMountains.Tools.csproj" />
  <Project Path="NavMeshPlusEditor.csproj" />
  <Project Path="MoreMountains.Tools.Editor.csproj" />
  <Project Path="Lofelt.NiceVibrations.csproj" />
  <Project Path="Assembly-CSharp.csproj" />
  <Project Path="NavMeshPlus.csproj" />
  <Project Path="Lofelt.NiceVibrations.Demo.csproj" />
  <Project Path="Lofelt.NiceVibrations.Editor.csproj" />
</Solution>
